// !$*UTF8*$!
{
	archiveVersion = 1;
	classes = {
	};
	objectVersion = 48;
	objects = {

/* Begin PBXBuildFile section */
		C0B97BAF205E1A7900A5B719 /* MenuViewController.swift in Sources */ = {isa = PBXBuildFile; fileRef = C0B97BA3205E1A7800A5B719 /* MenuViewController.swift */; };
		C0B97BB0205E1A7900A5B719 /* BrowseViewController.swift in Sources */ = {isa = PBXBuildFile; fileRef = C0B97BA4205E1A7900A5B719 /* BrowseViewController.swift */; };
		C0B97BB3205E1A7900A5B719 /* TabViewController.swift in Sources */ = {isa = PBXBuildFile; fileRef = C0B97BA7205E1A7900A5B719 /* TabViewController.swift */; };
		C0B97BB4205E1A7900A5B719 /* ChoicesViewController.swift in Sources */ = {isa = PBXBuildFile; fileRef = C0B97BA8205E1A7900A5B719 /* ChoicesViewController.swift */; };
		C0B97BB6205E1A7900A5B719 /* InitChoiceViewController.swift in Sources */ = {isa = PBXBuildFile; fileRef = C0B97BAA205E1A7900A5B719 /* InitChoiceViewController.swift */; };
		C0B97BB7205E1A7900A5B719 /* OrderViewController.swift in Sources */ = {isa = PBXBuildFile; fileRef = C0B97BAB205E1A7900A5B719 /* OrderViewController.swift */; };
		C0B97BB8205E1A7900A5B719 /* ConfirmViewController.swift in Sources */ = {isa = PBXBuildFile; fileRef = C0B97BAC205E1A7900A5B719 /* ConfirmViewController.swift */; };
		C0B97BB9205E1A7900A5B719 /* ProfileViewController.swift in Sources */ = {isa = PBXBuildFile; fileRef = C0B97BAD205E1A7900A5B719 /* ProfileViewController.swift */; };
		C0B97BCA205E1D6600A5B719 /* BotViewController.swift in Sources */ = {isa = PBXBuildFile; fileRef = C0B97BC9205E1D6600A5B719 /* BotViewController.swift */; };
		C0CFC18A205E202E00C39B74 /* IceViewController.swift in Sources */ = {isa = PBXBuildFile; fileRef = C0CFC189205E202E00C39B74 /* IceViewController.swift */; };
		C0CFC18C205E204500C39B74 /* MilkViewController.swift in Sources */ = {isa = PBXBuildFile; fileRef = C0CFC18B205E204500C39B74 /* MilkViewController.swift */; };
		C0CFC18E205E205A00C39B74 /* TopViewController.swift in Sources */ = {isa = PBXBuildFile; fileRef = C0CFC18D205E205A00C39B74 /* TopViewController.swift */; };
		FA633D7C205DFC03008729B6 /* AppDelegate.swift in Sources */ = {isa = PBXBuildFile; fileRef = FA633D7B205DFC03008729B6 /* AppDelegate.swift */; };
		FA633D7E205DFC03008729B6 /* ViewController.swift in Sources */ = {isa = PBXBuildFile; fileRef = FA633D7D205DFC03008729B6 /* ViewController.swift */; };
		FA633D81205DFC03008729B6 /* Main.storyboard in Resources */ = {isa = PBXBuildFile; fileRef = FA633D7F205DFC03008729B6 /* Main.storyboard */; };
		FA633D83205DFC03008729B6 /* Assets.xcassets in Resources */ = {isa = PBXBuildFile; fileRef = FA633D82205DFC03008729B6 /* Assets.xcassets */; };
		FA633D86205DFC03008729B6 /* LaunchScreen.storyboard in Resources */ = {isa = PBXBuildFile; fileRef = FA633D84205DFC03008729B6 /* LaunchScreen.storyboard */; };
		FA633D91205DFC03008729B6 /* SuperpositionMilkTeaTests.swift in Sources */ = {isa = PBXBuildFile; fileRef = FA633D90205DFC03008729B6 /* SuperpositionMilkTeaTests.swift */; };
		FA633D9C205DFC03008729B6 /* SuperpositionMilkTeaUITests.swift in Sources */ = {isa = PBXBuildFile; fileRef = FA633D9B205DFC03008729B6 /* SuperpositionMilkTeaUITests.swift */; };
		FAFE20C6205E169A00DB166D /* CupView.swift in Sources */ = {isa = PBXBuildFile; fileRef = FAFE20C5205E169A00DB166D /* CupView.swift */; };
/* End PBXBuildFile section */

/* Begin PBXContainerItemProxy section */
		FA633D8D205DFC03008729B6 /* PBXContainerItemProxy */ = {
			isa = PBXContainerItemProxy;
			containerPortal = FA633D70205DFC03008729B6 /* Project object */;
			proxyType = 1;
			remoteGlobalIDString = FA633D77205DFC03008729B6;
			remoteInfo = SuperpositionMilkTea;
		};
		FA633D98205DFC03008729B6 /* PBXContainerItemProxy */ = {
			isa = PBXContainerItemProxy;
			containerPortal = FA633D70205DFC03008729B6 /* Project object */;
			proxyType = 1;
			remoteGlobalIDString = FA633D77205DFC03008729B6;
			remoteInfo = SuperpositionMilkTea;
		};
/* End PBXContainerItemProxy section */

/* Begin PBXFileReference section */
		C0B97BA3205E1A7800A5B719 /* MenuViewController.swift */ = {isa = PBXFileReference; fileEncoding = 4; lastKnownFileType = sourcecode.swift; path = MenuViewController.swift; sourceTree = "<group>"; };
		C0B97BA4205E1A7900A5B719 /* BrowseViewController.swift */ = {isa = PBXFileReference; fileEncoding = 4; lastKnownFileType = sourcecode.swift; path = BrowseViewController.swift; sourceTree = "<group>"; };
		C0B97BA7205E1A7900A5B719 /* TabViewController.swift */ = {isa = PBXFileReference; fileEncoding = 4; lastKnownFileType = sourcecode.swift; path = TabViewController.swift; sourceTree = "<group>"; };
		C0B97BA8205E1A7900A5B719 /* ChoicesViewController.swift */ = {isa = PBXFileReference; fileEncoding = 4; lastKnownFileType = sourcecode.swift; path = ChoicesViewController.swift; sourceTree = "<group>"; };
		C0B97BAA205E1A7900A5B719 /* InitChoiceViewController.swift */ = {isa = PBXFileReference; fileEncoding = 4; lastKnownFileType = sourcecode.swift; path = InitChoiceViewController.swift; sourceTree = "<group>"; };
		C0B97BAB205E1A7900A5B719 /* OrderViewController.swift */ = {isa = PBXFileReference; fileEncoding = 4; lastKnownFileType = sourcecode.swift; path = OrderViewController.swift; sourceTree = "<group>"; };
		C0B97BAC205E1A7900A5B719 /* ConfirmViewController.swift */ = {isa = PBXFileReference; fileEncoding = 4; lastKnownFileType = sourcecode.swift; path = ConfirmViewController.swift; sourceTree = "<group>"; };
		C0B97BAD205E1A7900A5B719 /* ProfileViewController.swift */ = {isa = PBXFileReference; fileEncoding = 4; lastKnownFileType = sourcecode.swift; path = ProfileViewController.swift; sourceTree = "<group>"; };
		C0B97BC9205E1D6600A5B719 /* BotViewController.swift */ = {isa = PBXFileReference; lastKnownFileType = sourcecode.swift; path = BotViewController.swift; sourceTree = "<group>"; };
		C0CFC189205E202E00C39B74 /* IceViewController.swift */ = {isa = PBXFileReference; lastKnownFileType = sourcecode.swift; path = IceViewController.swift; sourceTree = "<group>"; };
		C0CFC18B205E204500C39B74 /* MilkViewController.swift */ = {isa = PBXFileReference; lastKnownFileType = sourcecode.swift; path = MilkViewController.swift; sourceTree = "<group>"; };
		C0CFC18D205E205A00C39B74 /* TopViewController.swift */ = {isa = PBXFileReference; lastKnownFileType = sourcecode.swift; path = TopViewController.swift; sourceTree = "<group>"; };
		FA633D78205DFC03008729B6 /* SuperpositionMilkTea.app */ = {isa = PBXFileReference; explicitFileType = wrapper.application; includeInIndex = 0; path = SuperpositionMilkTea.app; sourceTree = BUILT_PRODUCTS_DIR; };
		FA633D7B205DFC03008729B6 /* AppDelegate.swift */ = {isa = PBXFileReference; lastKnownFileType = sourcecode.swift; path = AppDelegate.swift; sourceTree = "<group>"; };
		FA633D7D205DFC03008729B6 /* ViewController.swift */ = {isa = PBXFileReference; lastKnownFileType = sourcecode.swift; path = ViewController.swift; sourceTree = "<group>"; };
		FA633D80205DFC03008729B6 /* Base */ = {isa = PBXFileReference; lastKnownFileType = file.storyboard; name = Base; path = Base.lproj/Main.storyboard; sourceTree = "<group>"; };
		FA633D82205DFC03008729B6 /* Assets.xcassets */ = {isa = PBXFileReference; lastKnownFileType = folder.assetcatalog; path = Assets.xcassets; sourceTree = "<group>"; };
		FA633D85205DFC03008729B6 /* Base */ = {isa = PBXFileReference; lastKnownFileType = file.storyboard; name = Base; path = Base.lproj/LaunchScreen.storyboard; sourceTree = "<group>"; };
		FA633D87205DFC03008729B6 /* Info.plist */ = {isa = PBXFileReference; lastKnownFileType = text.plist.xml; path = Info.plist; sourceTree = "<group>"; };
		FA633D8C205DFC03008729B6 /* SuperpositionMilkTeaTests.xctest */ = {isa = PBXFileReference; explicitFileType = wrapper.cfbundle; includeInIndex = 0; path = SuperpositionMilkTeaTests.xctest; sourceTree = BUILT_PRODUCTS_DIR; };
		FA633D90205DFC03008729B6 /* SuperpositionMilkTeaTests.swift */ = {isa = PBXFileReference; lastKnownFileType = sourcecode.swift; path = SuperpositionMilkTeaTests.swift; sourceTree = "<group>"; };
		FA633D92205DFC03008729B6 /* Info.plist */ = {isa = PBXFileReference; lastKnownFileType = text.plist.xml; path = Info.plist; sourceTree = "<group>"; };
		FA633D97205DFC03008729B6 /* SuperpositionMilkTeaUITests.xctest */ = {isa = PBXFileReference; explicitFileType = wrapper.cfbundle; includeInIndex = 0; path = SuperpositionMilkTeaUITests.xctest; sourceTree = BUILT_PRODUCTS_DIR; };
		FA633D9B205DFC03008729B6 /* SuperpositionMilkTeaUITests.swift */ = {isa = PBXFileReference; lastKnownFileType = sourcecode.swift; path = SuperpositionMilkTeaUITests.swift; sourceTree = "<group>"; };
		FA633D9D205DFC03008729B6 /* Info.plist */ = {isa = PBXFileReference; lastKnownFileType = text.plist.xml; path = Info.plist; sourceTree = "<group>"; };
		FAFE20C5205E169A00DB166D /* CupView.swift */ = {isa = PBXFileReference; lastKnownFileType = sourcecode.swift; path = CupView.swift; sourceTree = "<group>"; };
/* End PBXFileReference section */

/* Begin PBXFrameworksBuildPhase section */
		FA633D75205DFC03008729B6 /* Frameworks */ = {
			isa = PBXFrameworksBuildPhase;
			buildActionMask = 2147483647;
			files = (
			);
			runOnlyForDeploymentPostprocessing = 0;
		};
		FA633D89205DFC03008729B6 /* Frameworks */ = {
			isa = PBXFrameworksBuildPhase;
			buildActionMask = 2147483647;
			files = (
			);
			runOnlyForDeploymentPostprocessing = 0;
		};
		FA633D94205DFC03008729B6 /* Frameworks */ = {
			isa = PBXFrameworksBuildPhase;
			buildActionMask = 2147483647;
			files = (
			);
			runOnlyForDeploymentPostprocessing = 0;
		};
/* End PBXFrameworksBuildPhase section */

/* Begin PBXGroup section */
		C0B97BC8205E1D1800A5B719 /* ViewControllers */ = {
			isa = PBXGroup;
			children = (
				C0B97BAC205E1A7900A5B719 /* ConfirmViewController.swift */,
				C0B97BAA205E1A7900A5B719 /* InitChoiceViewController.swift */,
				FAFE20C5205E169A00DB166D /* CupView.swift */,
				C0B97BA8205E1A7900A5B719 /* ChoicesViewController.swift */,
				C0B97BC9205E1D6600A5B719 /* BotViewController.swift */,
				C0CFC189205E202E00C39B74 /* IceViewController.swift */,
				C0CFC18B205E204500C39B74 /* MilkViewController.swift */,
				C0CFC18D205E205A00C39B74 /* TopViewController.swift */,
			);
			path = ViewControllers;
			sourceTree = "<group>";
		};
		FA633D6F205DFC03008729B6 = {
			isa = PBXGroup;
			children = (
				FA633D7A205DFC03008729B6 /* SuperpositionMilkTea */,
				FA633D8F205DFC03008729B6 /* SuperpositionMilkTeaTests */,
				FA633D9A205DFC03008729B6 /* SuperpositionMilkTeaUITests */,
				FA633D79205DFC03008729B6 /* Products */,
			);
			sourceTree = "<group>";
		};
		FA633D79205DFC03008729B6 /* Products */ = {
			isa = PBXGroup;
			children = (
				FA633D78205DFC03008729B6 /* SuperpositionMilkTea.app */,
				FA633D8C205DFC03008729B6 /* SuperpositionMilkTeaTests.xctest */,
				FA633D97205DFC03008729B6 /* SuperpositionMilkTeaUITests.xctest */,
			);
			name = Products;
			sourceTree = "<group>";
		};
		FA633D7A205DFC03008729B6 /* SuperpositionMilkTea */ = {
			isa = PBXGroup;
			children = (
				C0B97BC8205E1D1800A5B719 /* ViewControllers */,
				C0B97BA4205E1A7900A5B719 /* BrowseViewController.swift */,
				C0B97BA3205E1A7800A5B719 /* MenuViewController.swift */,
				C0B97BAB205E1A7900A5B719 /* OrderViewController.swift */,
				C0B97BAD205E1A7900A5B719 /* ProfileViewController.swift */,
				C0B97BA7205E1A7900A5B719 /* TabViewController.swift */,
				FA633D7B205DFC03008729B6 /* AppDelegate.swift */,
				FA633D7D205DFC03008729B6 /* ViewController.swift */,
				FA633D7F205DFC03008729B6 /* Main.storyboard */,
				FA633D82205DFC03008729B6 /* Assets.xcassets */,
				FA633D84205DFC03008729B6 /* LaunchScreen.storyboard */,
				FA633D87205DFC03008729B6 /* Info.plist */,
			);
			path = SuperpositionMilkTea;
			sourceTree = "<group>";
		};
		FA633D8F205DFC03008729B6 /* SuperpositionMilkTeaTests */ = {
			isa = PBXGroup;
			children = (
				FA633D90205DFC03008729B6 /* SuperpositionMilkTeaTests.swift */,
				FA633D92205DFC03008729B6 /* Info.plist */,
			);
			path = SuperpositionMilkTeaTests;
			sourceTree = "<group>";
		};
		FA633D9A205DFC03008729B6 /* SuperpositionMilkTeaUITests */ = {
			isa = PBXGroup;
			children = (
				FA633D9B205DFC03008729B6 /* SuperpositionMilkTeaUITests.swift */,
				FA633D9D205DFC03008729B6 /* Info.plist */,
			);
			path = SuperpositionMilkTeaUITests;
			sourceTree = "<group>";
		};
/* End PBXGroup section */

/* Begin PBXNativeTarget section */
		FA633D77205DFC03008729B6 /* SuperpositionMilkTea */ = {
			isa = PBXNativeTarget;
			buildConfigurationList = FA633DA0205DFC03008729B6 /* Build configuration list for PBXNativeTarget "SuperpositionMilkTea" */;
			buildPhases = (
				FA633D74205DFC03008729B6 /* Sources */,
				FA633D75205DFC03008729B6 /* Frameworks */,
				FA633D76205DFC03008729B6 /* Resources */,
			);
			buildRules = (
			);
			dependencies = (
			);
			name = SuperpositionMilkTea;
			productName = SuperpositionMilkTea;
			productReference = FA633D78205DFC03008729B6 /* SuperpositionMilkTea.app */;
			productType = "com.apple.product-type.application";
		};
		FA633D8B205DFC03008729B6 /* SuperpositionMilkTeaTests */ = {
			isa = PBXNativeTarget;
			buildConfigurationList = FA633DA3205DFC03008729B6 /* Build configuration list for PBXNativeTarget "SuperpositionMilkTeaTests" */;
			buildPhases = (
				FA633D88205DFC03008729B6 /* Sources */,
				FA633D89205DFC03008729B6 /* Frameworks */,
				FA633D8A205DFC03008729B6 /* Resources */,
			);
			buildRules = (
			);
			dependencies = (
				FA633D8E205DFC03008729B6 /* PBXTargetDependency */,
			);
			name = SuperpositionMilkTeaTests;
			productName = SuperpositionMilkTeaTests;
			productReference = FA633D8C205DFC03008729B6 /* SuperpositionMilkTeaTests.xctest */;
			productType = "com.apple.product-type.bundle.unit-test";
		};
		FA633D96205DFC03008729B6 /* SuperpositionMilkTeaUITests */ = {
			isa = PBXNativeTarget;
			buildConfigurationList = FA633DA6205DFC03008729B6 /* Build configuration list for PBXNativeTarget "SuperpositionMilkTeaUITests" */;
			buildPhases = (
				FA633D93205DFC03008729B6 /* Sources */,
				FA633D94205DFC03008729B6 /* Frameworks */,
				FA633D95205DFC03008729B6 /* Resources */,
			);
			buildRules = (
			);
			dependencies = (
				FA633D99205DFC03008729B6 /* PBXTargetDependency */,
			);
			name = SuperpositionMilkTeaUITests;
			productName = SuperpositionMilkTeaUITests;
			productReference = FA633D97205DFC03008729B6 /* SuperpositionMilkTeaUITests.xctest */;
			productType = "com.apple.product-type.bundle.ui-testing";
		};
/* End PBXNativeTarget section */

/* Begin PBXProject section */
		FA633D70205DFC03008729B6 /* Project object */ = {
			isa = PBXProject;
			attributes = {
				LastSwiftUpdateCheck = 0920;
				LastUpgradeCheck = 0920;
				ORGANIZATIONNAME = "Jannie Zhong";
				TargetAttributes = {
					FA633D77205DFC03008729B6 = {
						CreatedOnToolsVersion = 9.2;
						ProvisioningStyle = Automatic;
					};
					FA633D8B205DFC03008729B6 = {
						CreatedOnToolsVersion = 9.2;
						ProvisioningStyle = Automatic;
						TestTargetID = FA633D77205DFC03008729B6;
					};
					FA633D96205DFC03008729B6 = {
						CreatedOnToolsVersion = 9.2;
						ProvisioningStyle = Automatic;
						TestTargetID = FA633D77205DFC03008729B6;
					};
				};
			};
			buildConfigurationList = FA633D73205DFC03008729B6 /* Build configuration list for PBXProject "SuperpositionMilkTea" */;
			compatibilityVersion = "Xcode 8.0";
			developmentRegion = en;
			hasScannedForEncodings = 0;
			knownRegions = (
				en,
				Base,
			);
			mainGroup = FA633D6F205DFC03008729B6;
			productRefGroup = FA633D79205DFC03008729B6 /* Products */;
			projectDirPath = "";
			projectRoot = "";
			targets = (
				FA633D77205DFC03008729B6 /* SuperpositionMilkTea */,
				FA633D8B205DFC03008729B6 /* SuperpositionMilkTeaTests */,
				FA633D96205DFC03008729B6 /* SuperpositionMilkTeaUITests */,
			);
		};
/* End PBXProject section */

/* Begin PBXResourcesBuildPhase section */
		FA633D76205DFC03008729B6 /* Resources */ = {
			isa = PBXResourcesBuildPhase;
			buildActionMask = 2147483647;
			files = (
				FA633D86205DFC03008729B6 /* LaunchScreen.storyboard in Resources */,
				FA633D83205DFC03008729B6 /* Assets.xcassets in Resources */,
				FA633D81205DFC03008729B6 /* Main.storyboard in Resources */,
			);
			runOnlyForDeploymentPostprocessing = 0;
		};
		FA633D8A205DFC03008729B6 /* Resources */ = {
			isa = PBXResourcesBuildPhase;
			buildActionMask = 2147483647;
			files = (
			);
			runOnlyForDeploymentPostprocessing = 0;
		};
		FA633D95205DFC03008729B6 /* Resources */ = {
			isa = PBXResourcesBuildPhase;
			buildActionMask = 2147483647;
			files = (
			);
			runOnlyForDeploymentPostprocessing = 0;
		};
/* End PBXResourcesBuildPhase section */

/* Begin PBXSourcesBuildPhase section */
		FA633D74205DFC03008729B6 /* Sources */ = {
			isa = PBXSourcesBuildPhase;
			buildActionMask = 2147483647;
			files = (
				C0B97BB3205E1A7900A5B719 /* TabViewController.swift in Sources */,
				C0CFC18C205E204500C39B74 /* MilkViewController.swift in Sources */,
				FA633D7E205DFC03008729B6 /* ViewController.swift in Sources */,
				C0CFC18A205E202E00C39B74 /* IceViewController.swift in Sources */,
				C0B97BCA205E1D6600A5B719 /* BotViewController.swift in Sources */,
				FA633D7C205DFC03008729B6 /* AppDelegate.swift in Sources */,
				C0B97BB8205E1A7900A5B719 /* ConfirmViewController.swift in Sources */,
				C0B97BB9205E1A7900A5B719 /* ProfileViewController.swift in Sources */,
				FAFE20C6205E169A00DB166D /* CupView.swift in Sources */,
				C0CFC18E205E205A00C39B74 /* TopViewController.swift in Sources */,
				C0B97BAF205E1A7900A5B719 /* MenuViewController.swift in Sources */,
				C0B97BB6205E1A7900A5B719 /* InitChoiceViewController.swift in Sources */,
				C0B97BB0205E1A7900A5B719 /* BrowseViewController.swift in Sources */,
				C0B97BB4205E1A7900A5B719 /* ChoicesViewController.swift in Sources */,
				C0B97BB7205E1A7900A5B719 /* OrderViewController.swift in Sources */,
			);
			runOnlyForDeploymentPostprocessing = 0;
		};
		FA633D88205DFC03008729B6 /* Sources */ = {
			isa = PBXSourcesBuildPhase;
			buildActionMask = 2147483647;
			files = (
				FA633D91205DFC03008729B6 /* SuperpositionMilkTeaTests.swift in Sources */,
			);
			runOnlyForDeploymentPostprocessing = 0;
		};
		FA633D93205DFC03008729B6 /* Sources */ = {
			isa = PBXSourcesBuildPhase;
			buildActionMask = 2147483647;
			files = (
				FA633D9C205DFC03008729B6 /* SuperpositionMilkTeaUITests.swift in Sources */,
			);
			runOnlyForDeploymentPostprocessing = 0;
		};
/* End PBXSourcesBuildPhase section */

/* Begin PBXTargetDependency section */
		FA633D8E205DFC03008729B6 /* PBXTargetDependency */ = {
			isa = PBXTargetDependency;
			target = FA633D77205DFC03008729B6 /* SuperpositionMilkTea */;
			targetProxy = FA633D8D205DFC03008729B6 /* PBXContainerItemProxy */;
		};
		FA633D99205DFC03008729B6 /* PBXTargetDependency */ = {
			isa = PBXTargetDependency;
			target = FA633D77205DFC03008729B6 /* SuperpositionMilkTea */;
			targetProxy = FA633D98205DFC03008729B6 /* PBXContainerItemProxy */;
		};
/* End PBXTargetDependency section */

/* Begin PBXVariantGroup section */
		FA633D7F205DFC03008729B6 /* Main.storyboard */ = {
			isa = PBXVariantGroup;
			children = (
				FA633D80205DFC03008729B6 /* Base */,
			);
			name = Main.storyboard;
			sourceTree = "<group>";
		};
		FA633D84205DFC03008729B6 /* LaunchScreen.storyboard */ = {
			isa = PBXVariantGroup;
			children = (
				FA633D85205DFC03008729B6 /* Base */,
			);
			name = LaunchScreen.storyboard;
			sourceTree = "<group>";
		};
/* End PBXVariantGroup section */

/* Begin XCBuildConfiguration section */
		FA633D9E205DFC03008729B6 /* Debug */ = {
			isa = XCBuildConfiguration;
			buildSettings = {
				ALWAYS_SEARCH_USER_PATHS = NO;
				CLANG_ANALYZER_NONNULL = YES;
				CLANG_ANALYZER_NUMBER_OBJECT_CONVERSION = YES_AGGRESSIVE;
				CLANG_CXX_LANGUAGE_STANDARD = "gnu++14";
				CLANG_CXX_LIBRARY = "libc++";
				CLANG_ENABLE_MODULES = YES;
				CLANG_ENABLE_OBJC_ARC = YES;
				CLANG_WARN_BLOCK_CAPTURE_AUTORELEASING = YES;
				CLANG_WARN_BOOL_CONVERSION = YES;
				CLANG_WARN_COMMA = YES;
				CLANG_WARN_CONSTANT_CONVERSION = YES;
				CLANG_WARN_DIRECT_OBJC_ISA_USAGE = YES_ERROR;
				CLANG_WARN_DOCUMENTATION_COMMENTS = YES;
				CLANG_WARN_EMPTY_BODY = YES;
				CLANG_WARN_ENUM_CONVERSION = YES;
				CLANG_WARN_INFINITE_RECURSION = YES;
				CLANG_WARN_INT_CONVERSION = YES;
				CLANG_WARN_NON_LITERAL_NULL_CONVERSION = YES;
				CLANG_WARN_OBJC_LITERAL_CONVERSION = YES;
				CLANG_WARN_OBJC_ROOT_CLASS = YES_ERROR;
				CLANG_WARN_RANGE_LOOP_ANALYSIS = YES;
				CLANG_WARN_STRICT_PROTOTYPES = YES;
				CLANG_WARN_SUSPICIOUS_MOVE = YES;
				CLANG_WARN_UNGUARDED_AVAILABILITY = YES_AGGRESSIVE;
				CLANG_WARN_UNREACHABLE_CODE = YES;
				CLANG_WARN__DUPLICATE_METHOD_MATCH = YES;
				CODE_SIGN_IDENTITY = "iPhone Developer";
				COPY_PHASE_STRIP = NO;
				DEBUG_INFORMATION_FORMAT = dwarf;
				ENABLE_STRICT_OBJC_MSGSEND = YES;
				ENABLE_TESTABILITY = YES;
				GCC_C_LANGUAGE_STANDARD = gnu11;
				GCC_DYNAMIC_NO_PIC = NO;
				GCC_NO_COMMON_BLOCKS = YES;
				GCC_OPTIMIZATION_LEVEL = 0;
				GCC_PREPROCESSOR_DEFINITIONS = (
					"DEBUG=1",
					"$(inherited)",
				);
				GCC_WARN_64_TO_32_BIT_CONVERSION = YES;
				GCC_WARN_ABOUT_RETURN_TYPE = YES_ERROR;
				GCC_WARN_UNDECLARED_SELECTOR = YES;
				GCC_WARN_UNINITIALIZED_AUTOS = YES_AGGRESSIVE;
				GCC_WARN_UNUSED_FUNCTION = YES;
				GCC_WARN_UNUSED_VARIABLE = YES;
				IPHONEOS_DEPLOYMENT_TARGET = 11.2;
				MTL_ENABLE_DEBUG_INFO = YES;
				ONLY_ACTIVE_ARCH = YES;
				SDKROOT = iphoneos;
				SWIFT_ACTIVE_COMPILATION_CONDITIONS = DEBUG;
				SWIFT_OPTIMIZATION_LEVEL = "-Onone";
			};
			name = Debug;
		};
		FA633D9F205DFC03008729B6 /* Release */ = {
			isa = XCBuildConfiguration;
			buildSettings = {
				ALWAYS_SEARCH_USER_PATHS = NO;
				CLANG_ANALYZER_NONNULL = YES;
				CLANG_ANALYZER_NUMBER_OBJECT_CONVERSION = YES_AGGRESSIVE;
				CLANG_CXX_LANGUAGE_STANDARD = "gnu++14";
				CLANG_CXX_LIBRARY = "libc++";
				CLANG_ENABLE_MODULES = YES;
				CLANG_ENABLE_OBJC_ARC = YES;
				CLANG_WARN_BLOCK_CAPTURE_AUTORELEASING = YES;
				CLANG_WARN_BOOL_CONVERSION = YES;
				CLANG_WARN_COMMA = YES;
				CLANG_WARN_CONSTANT_CONVERSION = YES;
				CLANG_WARN_DIRECT_OBJC_ISA_USAGE = YES_ERROR;
				CLANG_WARN_DOCUMENTATION_COMMENTS = YES;
				CLANG_WARN_EMPTY_BODY = YES;
				CLANG_WARN_ENUM_CONVERSION = YES;
				CLANG_WARN_INFINITE_RECURSION = YES;
				CLANG_WARN_INT_CONVERSION = YES;
				CLANG_WARN_NON_LITERAL_NULL_CONVERSION = YES;
				CLANG_WARN_OBJC_LITERAL_CONVERSION = YES;
				CLANG_WARN_OBJC_ROOT_CLASS = YES_ERROR;
				CLANG_WARN_RANGE_LOOP_ANALYSIS = YES;
				CLANG_WARN_STRICT_PROTOTYPES = YES;
				CLANG_WARN_SUSPICIOUS_MOVE = YES;
				CLANG_WARN_UNGUARDED_AVAILABILITY = YES_AGGRESSIVE;
				CLANG_WARN_UNREACHABLE_CODE = YES;
				CLANG_WARN__DUPLICATE_METHOD_MATCH = YES;
				CODE_SIGN_IDENTITY = "iPhone Developer";
				COPY_PHASE_STRIP = NO;
				DEBUG_INFORMATION_FORMAT = "dwarf-with-dsym";
				ENABLE_NS_ASSERTIONS = NO;
				ENABLE_STRICT_OBJC_MSGSEND = YES;
				GCC_C_LANGUAGE_STANDARD = gnu11;
				GCC_NO_COMMON_BLOCKS = YES;
				GCC_WARN_64_TO_32_BIT_CONVERSION = YES;
				GCC_WARN_ABOUT_RETURN_TYPE = YES_ERROR;
				GCC_WARN_UNDECLARED_SELECTOR = YES;
				GCC_WARN_UNINITIALIZED_AUTOS = YES_AGGRESSIVE;
				GCC_WARN_UNUSED_FUNCTION = YES;
				GCC_WARN_UNUSED_VARIABLE = YES;
				IPHONEOS_DEPLOYMENT_TARGET = 11.2;
				MTL_ENABLE_DEBUG_INFO = NO;
				SDKROOT = iphoneos;
				SWIFT_OPTIMIZATION_LEVEL = "-Owholemodule";
				VALIDATE_PRODUCT = YES;
			};
			name = Release;
		};
		FA633DA1205DFC03008729B6 /* Debug */ = {
			isa = XCBuildConfiguration;
			buildSettings = {
				ASSETCATALOG_COMPILER_APPICON_NAME = AppIcon;
				CODE_SIGN_STYLE = Automatic;
				DEVELOPMENT_TEAM = Y564C9BVLR;
				INFOPLIST_FILE = SuperpositionMilkTea/Info.plist;
				LD_RUNPATH_SEARCH_PATHS = "$(inherited) @executable_path/Frameworks";
				PRODUCT_BUNDLE_IDENTIFIER = "Jannie-Zhong.SuperpositionMilkTea";
				PRODUCT_NAME = "$(TARGET_NAME)";
				SWIFT_VERSION = 4.0;
				TARGETED_DEVICE_FAMILY = "1,2";
			};
			name = Debug;
		};
		FA633DA2205DFC03008729B6 /* Release */ = {
			isa = XCBuildConfiguration;
			buildSettings = {
				ASSETCATALOG_COMPILER_APPICON_NAME = AppIcon;
				CODE_SIGN_STYLE = Automatic;
				DEVELOPMENT_TEAM = Y564C9BVLR;
				INFOPLIST_FILE = SuperpositionMilkTea/Info.plist;
				LD_RUNPATH_SEARCH_PATHS = "$(inherited) @executable_path/Frameworks";
				PRODUCT_BUNDLE_IDENTIFIER = "Jannie-Zhong.SuperpositionMilkTea";
				PRODUCT_NAME = "$(TARGET_NAME)";
				SWIFT_VERSION = 4.0;
				TARGETED_DEVICE_FAMILY = "1,2";
			};
			name = Release;
		};
		FA633DA4205DFC03008729B6 /* Debug */ = {
			isa = XCBuildConfiguration;
			buildSettings = {
				ALWAYS_EMBED_SWIFT_STANDARD_LIBRARIES = YES;
				BUNDLE_LOADER = "$(TEST_HOST)";
				CODE_SIGN_STYLE = Automatic;
				DEVELOPMENT_TEAM = Y564C9BVLR;
				INFOPLIST_FILE = SuperpositionMilkTeaTests/Info.plist;
				LD_RUNPATH_SEARCH_PATHS = "$(inherited) @executable_path/Frameworks @loader_path/Frameworks";
				PRODUCT_BUNDLE_IDENTIFIER = "Jannie-Zhong.SuperpositionMilkTeaTests";
				PRODUCT_NAME = "$(TARGET_NAME)";
				SWIFT_VERSION = 4.0;
				TARGETED_DEVICE_FAMILY = "1,2";
				TEST_HOST = "$(BUILT_PRODUCTS_DIR)/SuperpositionMilkTea.app/SuperpositionMilkTea";
			};
			name = Debug;
		};
		FA633DA5205DFC03008729B6 /* Release */ = {
			isa = XCBuildConfiguration;
			buildSettings = {
				ALWAYS_EMBED_SWIFT_STANDARD_LIBRARIES = YES;
				BUNDLE_LOADER = "$(TEST_HOST)";
				CODE_SIGN_STYLE = Automatic;
				DEVELOPMENT_TEAM = Y564C9BVLR;
				INFOPLIST_FILE = SuperpositionMilkTeaTests/Info.plist;
				LD_RUNPATH_SEARCH_PATHS = "$(inherited) @executable_path/Frameworks @loader_path/Frameworks";
				PRODUCT_BUNDLE_IDENTIFIER = "Jannie-Zhong.SuperpositionMilkTeaTests";
				PRODUCT_NAME = "$(TARGET_NAME)";
				SWIFT_VERSION = 4.0;
				TARGETED_DEVICE_FAMILY = "1,2";
				TEST_HOST = "$(BUILT_PRODUCTS_DIR)/SuperpositionMilkTea.app/SuperpositionMilkTea";
			};
			name = Release;
		};
		FA633DA7205DFC03008729B6 /* Debug */ = {
			isa = XCBuildConfiguration;
			buildSettings = {
				ALWAYS_EMBED_SWIFT_STANDARD_LIBRARIES = YES;
				CODE_SIGN_STYLE = Automatic;
				DEVELOPMENT_TEAM = Y564C9BVLR;
				INFOPLIST_FILE = SuperpositionMilkTeaUITests/Info.plist;
				LD_RUNPATH_SEARCH_PATHS = "$(inherited) @executable_path/Frameworks @loader_path/Frameworks";
				PRODUCT_BUNDLE_IDENTIFIER = "Jannie-Zhong.SuperpositionMilkTeaUITests";
				PRODUCT_NAME = "$(TARGET_NAME)";
				SWIFT_VERSION = 4.0;
				TARGETED_DEVICE_FAMILY = "1,2";
				TEST_TARGET_NAME = SuperpositionMilkTea;
			};
			name = Debug;
		};
		FA633DA8205DFC03008729B6 /* Release */ = {
			isa = XCBuildConfiguration;
			buildSettings = {
				ALWAYS_EMBED_SWIFT_STANDARD_LIBRARIES = YES;
				CODE_SIGN_STYLE = Automatic;
				DEVELOPMENT_TEAM = Y564C9BVLR;
				INFOPLIST_FILE = SuperpositionMilkTeaUITests/Info.plist;
				LD_RUNPATH_SEARCH_PATHS = "$(inherited) @executable_path/Frameworks @loader_path/Frameworks";
				PRODUCT_BUNDLE_IDENTIFIER = "Jannie-Zhong.SuperpositionMilkTeaUITests";
				PRODUCT_NAME = "$(TARGET_NAME)";
				SWIFT_VERSION = 4.0;
				TARGETED_DEVICE_FAMILY = "1,2";
				TEST_TARGET_NAME = SuperpositionMilkTea;
			};
			name = Release;
		};
/* End XCBuildConfiguration section */

/* Begin XCConfigurationList section */
		FA633D73205DFC03008729B6 /* Build configuration list for PBXProject "SuperpositionMilkTea" */ = {
			isa = XCConfigurationList;
			buildConfigurations = (
				FA633D9E205DFC03008729B6 /* Debug */,
				FA633D9F205DFC03008729B6 /* Release */,
			);
			defaultConfigurationIsVisible = 0;
			defaultConfigurationName = Release;
		};
		FA633DA0205DFC03008729B6 /* Build configuration list for PBXNativeTarget "SuperpositionMilkTea" */ = {
			isa = XCConfigurationList;
			buildConfigurations = (
				FA633DA1205DFC03008729B6 /* Debug */,
				FA633DA2205DFC03008729B6 /* Release */,
			);
			defaultConfigurationIsVisible = 0;
			defaultConfigurationName = Release;
		};
		FA633DA3205DFC03008729B6 /* Build configuration list for PBXNativeTarget "SuperpositionMilkTeaTests" */ = {
			isa = XCConfigurationList;
			buildConfigurations = (
				FA633DA4205DFC03008729B6 /* Debug */,
				FA633DA5205DFC03008729B6 /* Release */,
			);
			defaultConfigurationIsVisible = 0;
			defaultConfigurationName = Release;
		};
		FA633DA6205DFC03008729B6 /* Build configuration list for PBXNativeTarget "SuperpositionMilkTeaUITests" */ = {
			isa = XCConfigurationList;
			buildConfigurations = (
				FA633DA7205DFC03008729B6 /* Debug */,
				FA633DA8205DFC03008729B6 /* Release */,
			);
			defaultConfigurationIsVisible = 0;
			defaultConfigurationName = Release;
		};
/* End XCConfigurationList section */
	};
	rootObject = FA633D70205DFC03008729B6 /* Project object */;
}
